
Microsoft Visual Studio Solution File, Format Version 12.00
# Visual Studio Version 17
VisualStudioVersion = 17.8.34408.163
MinimumVisualStudioVersion = 10.0.40219.1
Project("{9A19103F-16F7-4668-BE54-9A1E7A4F7556}") = "ONIONARCH.Presentation", "ONIONARCH.Presentation\ONIONARCH.Presentation.csproj", "{BFD27282-943E-4B5C-9C53-1544F19CDDC8}"
EndProject
Project("{9A19103F-16F7-4668-BE54-9A1E7A4F7556}") = "ONIONARCH.Application", "ONIONARCH.Application\ONIONARCH.Application.csproj", "{60A97873-29A0-4CFC-8B65-9F513C3939EB}"
EndProject
Project("{9A19103F-16F7-4668-BE54-9A1E7A4F7556}") = "ONIONARCH.Domain", "ONIONARCH.Domain\ONIONARCH.Domain.csproj", "{E4E1E7E3-0082-4376-9086-4BCC66997964}"
EndProject
Project("{9A19103F-16F7-4668-BE54-9A1E7A4F7556}") = "ONIONARCH.Infrastructure", "ONIONARCH.Infrastructure\ONIONARCH.Infrastructure.csproj", "{92CAA2F2-0FA3-42BA-AA22-6239EEF0B439}"
EndProject
Project("{9A19103F-16F7-4668-BE54-9A1E7A4F7556}") = "ONIONARCH.Persistence", "ONIONARCH.Persistence\ONIONARCH.Persistence.csproj", "{F02F5CAF-9A5A-4073-82BB-CD9F69C72981}"
EndProject
Project("{9A19103F-16F7-4668-BE54-9A1E7A4F7556}") = "ONIONARCH.Tests", "ONIONARCH.Tests\ONIONARCH.Tests.csproj", "{69AB6DB4-1086-4A84-9B9B-BE182C55037A}"
EndProject
Global
	GlobalSection(SolutionConfigurationPlatforms) = preSolution
		Debug|Any CPU = Debug|Any CPU
		Release|Any CPU = Release|Any CPU
	EndGlobalSection
	GlobalSection(ProjectConfigurationPlatforms) = postSolution
		{BFD27282-943E-4B5C-9C53-1544F19CDDC8}.Debug|Any CPU.ActiveCfg = Debug|Any CPU
		{BFD27282-943E-4B5C-9C53-1544F19CDDC8}.Debug|Any CPU.Build.0 = Debug|Any CPU
		{BFD27282-943E-4B5C-9C53-1544F19CDDC8}.Release|Any CPU.ActiveCfg = Release|Any CPU
		{BFD27282-943E-4B5C-9C53-1544F19CDDC8}.Release|Any CPU.Build.0 = Release|Any CPU
		{60A97873-29A0-4CFC-8B65-9F513C3939EB}.Debug|Any CPU.ActiveCfg = Debug|Any CPU
		{60A97873-29A0-4CFC-8B65-9F513C3939EB}.Debug|Any CPU.Build.0 = Debug|Any CPU
		{60A97873-29A0-4CFC-8B65-9F513C3939EB}.Release|Any CPU.ActiveCfg = Release|Any CPU
		{60A97873-29A0-4CFC-8B65-9F513C3939EB}.Release|Any CPU.Build.0 = Release|Any CPU
		{E4E1E7E3-0082-4376-9086-4BCC66997964}.Debug|Any CPU.ActiveCfg = Debug|Any CPU
		{E4E1E7E3-0082-4376-9086-4BCC66997964}.Debug|Any CPU.Build.0 = Debug|Any CPU
		{E4E1E7E3-0082-4376-9086-4BCC66997964}.Release|Any CPU.ActiveCfg = Release|Any CPU
		{E4E1E7E3-0082-4376-9086-4BCC66997964}.Release|Any CPU.Build.0 = Release|Any CPU
		{92CAA2F2-0FA3-42BA-AA22-6239EEF0B439}.Debug|Any CPU.ActiveCfg = Debug|Any CPU
		{92CAA2F2-0FA3-42BA-AA22-6239EEF0B439}.Debug|Any CPU.Build.0 = Debug|Any CPU
		{92CAA2F2-0FA3-42BA-AA22-6239EEF0B439}.Release|Any CPU.ActiveCfg = Release|Any CPU
		{92CAA2F2-0FA3-42BA-AA22-6239EEF0B439}.Release|Any CPU.Build.0 = Release|Any CPU
		{F02F5CAF-9A5A-4073-82BB-CD9F69C72981}.Debug|Any CPU.ActiveCfg = Debug|Any CPU
		{F02F5CAF-9A5A-4073-82BB-CD9F69C72981}.Debug|Any CPU.Build.0 = Debug|Any CPU
		{F02F5CAF-9A5A-4073-82BB-CD9F69C72981}.Release|Any CPU.ActiveCfg = Release|Any CPU
		{F02F5CAF-9A5A-4073-82BB-CD9F69C72981}.Release|Any CPU.Build.0 = Release|Any CPU
		{69AB6DB4-1086-4A84-9B9B-BE182C55037A}.Debug|Any CPU.ActiveCfg = Debug|Any CPU
		{69AB6DB4-1086-4A84-9B9B-BE182C55037A}.Debug|Any CPU.Build.0 = Debug|Any CPU
		{69AB6DB4-1086-4A84-9B9B-BE182C55037A}.Release|Any CPU.ActiveCfg = Release|Any CPU
		{69AB6DB4-1086-4A84-9B9B-BE182C55037A}.Release|Any CPU.Build.0 = Release|Any CPU
	EndGlobalSection
	GlobalSection(SolutionProperties) = preSolution
		HideSolutionNode = FALSE
	EndGlobalSection
	GlobalSection(ExtensibilityGlobals) = postSolution
		SolutionGuid = {70FEBD2C-0F61-4732-9F1B-E3B477C35C32}
	EndGlobalSection
EndGlobal
